
Microsoft Visual Studio Solution File, Format Version 12.00
# Visual Studio Version 17
VisualStudioVersion = 17.11.35327.3
MinimumVisualStudioVersion = 10.0.40219.1
Project("{FAE04EC0-301F-11D3-BF4B-00C04F79EFBC}") = "NguyenQuangNamK22CNTT2", "NguyenQuangNamK22CNTT2\NguyenQuangNamK22CNTT2.csproj", "{0EA00F2B-B6AD-4DA1-B564-63051CCD8835}"
EndProject
Global
	GlobalSection(SolutionConfigurationPlatforms) = preSolution
		Debug|Any CPU = Debug|Any CPU
		Release|Any CPU = Release|Any CPU
	EndGlobalSection
	GlobalSection(ProjectConfigurationPlatforms) = postSolution
		{0EA00F2B-B6AD-4DA1-B564-63051CCD8835}.Debug|Any CPU.ActiveCfg = Debug|Any CPU
		{0EA00F2B-B6AD-4DA1-B564-63051CCD8835}.Debug|Any CPU.Build.0 = Debug|Any CPU
		{0EA00F2B-B6AD-4DA1-B564-63051CCD8835}.Release|Any CPU.ActiveCfg = Release|Any CPU
		{0EA00F2B-B6AD-4DA1-B564-63051CCD8835}.Release|Any CPU.Build.0 = Release|Any CPU
	EndGlobalSection
	GlobalSection(SolutionProperties) = preSolution
		HideSolutionNode = FALSE
	EndGlobalSection
	GlobalSection(ExtensibilityGlobals) = postSolution
		SolutionGuid = {AB6C82CF-6E35-4279-977B-EDB0B083E979}
	EndGlobalSection
EndGlobal
